{
  "name": "blanco",
  "version": "1.0.0",
  "lockfileVersion": 3,
  "requires": true,
  "packages": {
    "": {
      "name": "blanco",
      "version": "1.0.0",
      "license": "ISC",
      "dependencies": {
        "youtube-search-scraper": "^1.0.1",
        "yt-api-search": "^1.0.0"
      }
    },
    "node_modules/youtube-search-scraper": {
      "version": "1.0.1",
      "resolved": "https://registry.npmjs.org/youtube-search-scraper/-/youtube-search-scraper-1.0.1.tgz",
      "integrity": "sha512-XT/5IRGtreM30XdYq1jgw+IHfL96f8WQqPVhdt+mp8v71wfsPhXF53EmcFTz9on0pRSVFr+RQlXU++vlG+x0KQ=="
    },
    "node_modules/yt-api-search": {
      "version": "1.0.0",
      "resolved": "https://registry.npmjs.org/yt-api-search/-/yt-api-search-1.0.0.tgz",
      "integrity": "sha512-Fq0yWiOtRi3md4qLayobYrtmbhEEzJrH26hplSjgziMqgonDNaRgT7dZkV2zApwMwctww2UmCFg9MPSW1FqEWQ=="
    }
  }
}
